
Microsoft Visual Studio Solution File, Format Version 12.00
# Visual Studio Version 17
VisualStudioVersion = 17.10.35013.160
MinimumVisualStudioVersion = 10.0.40219.1
Project("{FAE04EC0-301F-11D3-BF4B-00C04F79EFBC}") = "NMHTestProject", "NMHTestProject\NMHTestProject.csproj", "{3A49648F-0EBF-4DA7-99BF-D998DE61B168}"
EndProject
Project("{E53339B2-1760-4266-BCC7-CA923CBCF16C}") = "docker-compose", "docker-compose.dcproj", "{170BBF02-62C2-4C9E-88A8-7C3CEEB7CBC4}"
EndProject
Global
	GlobalSection(SolutionConfigurationPlatforms) = preSolution
		Debug|Any CPU = Debug|Any CPU
		Release|Any CPU = Release|Any CPU
	EndGlobalSection
	GlobalSection(ProjectConfigurationPlatforms) = postSolution
		{3A49648F-0EBF-4DA7-99BF-D998DE61B168}.Debug|Any CPU.ActiveCfg = Debug|Any CPU
		{3A49648F-0EBF-4DA7-99BF-D998DE61B168}.Debug|Any CPU.Build.0 = Debug|Any CPU
		{3A49648F-0EBF-4DA7-99BF-D998DE61B168}.Release|Any CPU.ActiveCfg = Release|Any CPU
		{3A49648F-0EBF-4DA7-99BF-D998DE61B168}.Release|Any CPU.Build.0 = Release|Any CPU
		{170BBF02-62C2-4C9E-88A8-7C3CEEB7CBC4}.Debug|Any CPU.ActiveCfg = Debug|Any CPU
		{170BBF02-62C2-4C9E-88A8-7C3CEEB7CBC4}.Debug|Any CPU.Build.0 = Debug|Any CPU
		{170BBF02-62C2-4C9E-88A8-7C3CEEB7CBC4}.Release|Any CPU.ActiveCfg = Release|Any CPU
		{170BBF02-62C2-4C9E-88A8-7C3CEEB7CBC4}.Release|Any CPU.Build.0 = Release|Any CPU
	EndGlobalSection
	GlobalSection(SolutionProperties) = preSolution
		HideSolutionNode = FALSE
	EndGlobalSection
	GlobalSection(ExtensibilityGlobals) = postSolution
		SolutionGuid = {DE3EA2A1-6E3F-49E8-BBF6-CBAE3D7B2968}
	EndGlobalSection
EndGlobal
